<Solution>
  <Folder Name="/src/">
    <Project Path="src/BrandsAdvisory.Client/BrandsAdvisory.Client.csproj" />
    <Project Path="src/BrandsAdvisory.Core/BrandsAdvisory.Core.csproj" />
    <Project Path="src/BrandsAdvisory.Infrastructure/BrandsAdvisory.Infrastructure.csproj" />
    <Project Path="src/BrandsAdvisory/BrandsAdvisory.csproj" />
  </Folder>
</Solution>
